
Microsoft Visual Studio Solution File, Format Version 12.00
# Visual Studio Version 16
VisualStudioVersion = 16.0.31729.503
MinimumVisualStudioVersion = 10.0.40219.1
Project("{FAE04EC0-301F-11D3-BF4B-00C04F79EFBC}") = "2EmailExtraction", "2EmailExtraction\2EmailExtraction.csproj", "{B86593E0-ABD7-43D4-B0C7-E641610E0DB9}"
EndProject
Global
	GlobalSection(SolutionConfigurationPlatforms) = preSolution
		Debug|Any CPU = Debug|Any CPU
		Release|Any CPU = Release|Any CPU
	EndGlobalSection
	GlobalSection(ProjectConfigurationPlatforms) = postSolution
		{B86593E0-ABD7-43D4-B0C7-E641610E0DB9}.Debug|Any CPU.ActiveCfg = Debug|Any CPU
		{B86593E0-ABD7-43D4-B0C7-E641610E0DB9}.Debug|Any CPU.Build.0 = Debug|Any CPU
		{B86593E0-ABD7-43D4-B0C7-E641610E0DB9}.Release|Any CPU.ActiveCfg = Release|Any CPU
		{B86593E0-ABD7-43D4-B0C7-E641610E0DB9}.Release|Any CPU.Build.0 = Release|Any CPU
	EndGlobalSection
	GlobalSection(SolutionProperties) = preSolution
		HideSolutionNode = FALSE
	EndGlobalSection
	GlobalSection(ExtensibilityGlobals) = postSolution
		SolutionGuid = {B6968D49-F593-4B08-AD84-D7B780975AD1}
	EndGlobalSection
EndGlobal
